
Microsoft Visual Studio Solution File, Format Version 12.00
# Visual Studio Version 17
VisualStudioVersion = 17.2.32630.192
MinimumVisualStudioVersion = 10.0.40219.1
Project("{FAE04EC0-301F-11D3-BF4B-00C04F79EFBC}") = "my-books", "my-books\my-books.csproj", "{0872EE37-B7A9-4C41-A65E-602CC2D4FD0E}"
EndProject
Global
	GlobalSection(SolutionConfigurationPlatforms) = preSolution
		Debug|Any CPU = Debug|Any CPU
		Release|Any CPU = Release|Any CPU
	EndGlobalSection
	GlobalSection(ProjectConfigurationPlatforms) = postSolution
		{0872EE37-B7A9-4C41-A65E-602CC2D4FD0E}.Debug|Any CPU.ActiveCfg = Debug|Any CPU
		{0872EE37-B7A9-4C41-A65E-602CC2D4FD0E}.Debug|Any CPU.Build.0 = Debug|Any CPU
		{0872EE37-B7A9-4C41-A65E-602CC2D4FD0E}.Release|Any CPU.ActiveCfg = Release|Any CPU
		{0872EE37-B7A9-4C41-A65E-602CC2D4FD0E}.Release|Any CPU.Build.0 = Release|Any CPU
	EndGlobalSection
	GlobalSection(SolutionProperties) = preSolution
		HideSolutionNode = FALSE
	EndGlobalSection
	GlobalSection(ExtensibilityGlobals) = postSolution
		SolutionGuid = {F3747451-EDC2-4105-8F40-E0864E01E943}
	EndGlobalSection
EndGlobal
